
Microsoft Visual Studio Solution File, Format Version 12.00
# Visual Studio Version 17
VisualStudioVersion = 17.2.32630.192
MinimumVisualStudioVersion = 10.0.40219.1
Project("{FAE04EC0-301F-11D3-BF4B-00C04F79EFBC}") = "FormWithCommand", "FormWithCommand\FormWithCommand.csproj", "{E580A422-EDED-459A-846B-D68C11785C76}"
EndProject
Global
	GlobalSection(SolutionConfigurationPlatforms) = preSolution
		Debug|Any CPU = Debug|Any CPU
		Release|Any CPU = Release|Any CPU
	EndGlobalSection
	GlobalSection(ProjectConfigurationPlatforms) = postSolution
		{E580A422-EDED-459A-846B-D68C11785C76}.Debug|Any CPU.ActiveCfg = Debug|Any CPU
		{E580A422-EDED-459A-846B-D68C11785C76}.Debug|Any CPU.Build.0 = Debug|Any CPU
		{E580A422-EDED-459A-846B-D68C11785C76}.Release|Any CPU.ActiveCfg = Release|Any CPU
		{E580A422-EDED-459A-846B-D68C11785C76}.Release|Any CPU.Build.0 = Release|Any CPU
	EndGlobalSection
	GlobalSection(SolutionProperties) = preSolution
		HideSolutionNode = FALSE
	EndGlobalSection
	GlobalSection(ExtensibilityGlobals) = postSolution
		SolutionGuid = {A2D2FED5-6375-4A0C-8D8F-D4A516BA1658}
	EndGlobalSection
EndGlobal
